
Microsoft Visual Studio Solution File, Format Version 12.00
# Visual Studio Version 17
VisualStudioVersion = 17.5.33414.496
MinimumVisualStudioVersion = 10.0.40219.1
Project("{FAE04EC0-301F-11D3-BF4B-00C04F79EFBC}") = "Talabats.PresentaionLayer", "Talabats\Talabats.PresentaionLayer.csproj", "{D31EDA4E-0CDE-4B9F-8D16-B6A6FEAF3788}"
EndProject
Project("{FAE04EC0-301F-11D3-BF4B-00C04F79EFBC}") = "Talabats.DataLayer", "Talabats.DataLayer\Talabats.DataLayer.csproj", "{5D79FAA7-5558-4B21-BC76-9597813A8B94}"
EndProject
Project("{FAE04EC0-301F-11D3-BF4B-00C04F79EFBC}") = "Talabats.ServicesLayer", "Talabats.ServicesLayer\Talabats.ServicesLayer.csproj", "{8FAD7020-C970-4F28-99FE-39365BD43512}"
EndProject
Project("{FAE04EC0-301F-11D3-BF4B-00C04F79EFBC}") = "Talabats.RepositoryLayer", "Talabats.RepositoryLayer\Talabats.RepositoryLayer.csproj", "{7339A486-1244-4841-BFE5-572BBBAEE4CF}"
EndProject
Global
	GlobalSection(SolutionConfigurationPlatforms) = preSolution
		Debug|Any CPU = Debug|Any CPU
		Release|Any CPU = Release|Any CPU
	EndGlobalSection
	GlobalSection(ProjectConfigurationPlatforms) = postSolution
		{D31EDA4E-0CDE-4B9F-8D16-B6A6FEAF3788}.Debug|Any CPU.ActiveCfg = Debug|Any CPU
		{D31EDA4E-0CDE-4B9F-8D16-B6A6FEAF3788}.Debug|Any CPU.Build.0 = Debug|Any CPU
		{D31EDA4E-0CDE-4B9F-8D16-B6A6FEAF3788}.Release|Any CPU.ActiveCfg = Release|Any CPU
		{D31EDA4E-0CDE-4B9F-8D16-B6A6FEAF3788}.Release|Any CPU.Build.0 = Release|Any CPU
		{5D79FAA7-5558-4B21-BC76-9597813A8B94}.Debug|Any CPU.ActiveCfg = Debug|Any CPU
		{5D79FAA7-5558-4B21-BC76-9597813A8B94}.Debug|Any CPU.Build.0 = Debug|Any CPU
		{5D79FAA7-5558-4B21-BC76-9597813A8B94}.Release|Any CPU.ActiveCfg = Release|Any CPU
		{5D79FAA7-5558-4B21-BC76-9597813A8B94}.Release|Any CPU.Build.0 = Release|Any CPU
		{8FAD7020-C970-4F28-99FE-39365BD43512}.Debug|Any CPU.ActiveCfg = Debug|Any CPU
		{8FAD7020-C970-4F28-99FE-39365BD43512}.Debug|Any CPU.Build.0 = Debug|Any CPU
		{8FAD7020-C970-4F28-99FE-39365BD43512}.Release|Any CPU.ActiveCfg = Release|Any CPU
		{8FAD7020-C970-4F28-99FE-39365BD43512}.Release|Any CPU.Build.0 = Release|Any CPU
		{7339A486-1244-4841-BFE5-572BBBAEE4CF}.Debug|Any CPU.ActiveCfg = Debug|Any CPU
		{7339A486-1244-4841-BFE5-572BBBAEE4CF}.Debug|Any CPU.Build.0 = Debug|Any CPU
		{7339A486-1244-4841-BFE5-572BBBAEE4CF}.Release|Any CPU.ActiveCfg = Release|Any CPU
		{7339A486-1244-4841-BFE5-572BBBAEE4CF}.Release|Any CPU.Build.0 = Release|Any CPU
	EndGlobalSection
	GlobalSection(SolutionProperties) = preSolution
		HideSolutionNode = FALSE
	EndGlobalSection
	GlobalSection(ExtensibilityGlobals) = postSolution
		SolutionGuid = {C6437360-C4EE-4D18-8ABE-0624585E26ED}
	EndGlobalSection
EndGlobal
